
Microsoft Visual Studio Solution File, Format Version 12.00
# Visual Studio Version 17
VisualStudioVersion = 17.9.34622.214
MinimumVisualStudioVersion = 10.0.40219.1
Project("{FAE04EC0-301F-11D3-BF4B-00C04F79EFBC}") = "TestiranjeProjekat", "TestiranjeProjekat\TestiranjeProjekat.csproj", "{6CFF66E5-9404-457A-A7C0-E0B2D3E3B705}"
EndProject
Project("{FAE04EC0-301F-11D3-BF4B-00C04F79EFBC}") = "Backend.Tests", "Backend.Tests\Backend.Tests.csproj", "{2F24A8BE-4E0F-4211-9247-E24898F15D0A}"
EndProject
Global
	GlobalSection(SolutionConfigurationPlatforms) = preSolution
		Debug|Any CPU = Debug|Any CPU
		Release|Any CPU = Release|Any CPU
	EndGlobalSection
	GlobalSection(ProjectConfigurationPlatforms) = postSolution
		{6CFF66E5-9404-457A-A7C0-E0B2D3E3B705}.Debug|Any CPU.ActiveCfg = Debug|Any CPU
		{6CFF66E5-9404-457A-A7C0-E0B2D3E3B705}.Debug|Any CPU.Build.0 = Debug|Any CPU
		{6CFF66E5-9404-457A-A7C0-E0B2D3E3B705}.Release|Any CPU.ActiveCfg = Release|Any CPU
		{6CFF66E5-9404-457A-A7C0-E0B2D3E3B705}.Release|Any CPU.Build.0 = Release|Any CPU
		{2F24A8BE-4E0F-4211-9247-E24898F15D0A}.Debug|Any CPU.ActiveCfg = Debug|Any CPU
		{2F24A8BE-4E0F-4211-9247-E24898F15D0A}.Debug|Any CPU.Build.0 = Debug|Any CPU
		{2F24A8BE-4E0F-4211-9247-E24898F15D0A}.Release|Any CPU.ActiveCfg = Release|Any CPU
		{2F24A8BE-4E0F-4211-9247-E24898F15D0A}.Release|Any CPU.Build.0 = Release|Any CPU
	EndGlobalSection
	GlobalSection(SolutionProperties) = preSolution
		HideSolutionNode = FALSE
	EndGlobalSection
	GlobalSection(ExtensibilityGlobals) = postSolution
		SolutionGuid = {24750A2C-ACDA-4AF3-A7CF-FA8591F7D7A4}
	EndGlobalSection
EndGlobal
